
Microsoft Visual Studio Solution File, Format Version 12.00
# Visual Studio Version 17
VisualStudioVersion = 17.5.33516.290
MinimumVisualStudioVersion = 10.0.40219.1
Project("{FAE04EC0-301F-11D3-BF4B-00C04F79EFBC}") = "Geometry2D.Net", "Geometry2D.Net\Geometry2D.Net.csproj", "{57689469-5136-4ABF-AC71-40B7BC5A5C6A}"
EndProject
Project("{FAE04EC0-301F-11D3-BF4B-00C04F79EFBC}") = "Geometry2D.Abstractions.Net", "Geometry2D.Abstractions.Net\Geometry2D.Abstractions.Net.csproj", "{7EF1BF7C-7074-48B9-8405-03B1252C8D76}"
EndProject
Global
	GlobalSection(SolutionConfigurationPlatforms) = preSolution
		Debug|Any CPU = Debug|Any CPU
		Release|Any CPU = Release|Any CPU
	EndGlobalSection
	GlobalSection(ProjectConfigurationPlatforms) = postSolution
		{57689469-5136-4ABF-AC71-40B7BC5A5C6A}.Debug|Any CPU.ActiveCfg = Debug|Any CPU
		{57689469-5136-4ABF-AC71-40B7BC5A5C6A}.Debug|Any CPU.Build.0 = Debug|Any CPU
		{57689469-5136-4ABF-AC71-40B7BC5A5C6A}.Release|Any CPU.ActiveCfg = Release|Any CPU
		{57689469-5136-4ABF-AC71-40B7BC5A5C6A}.Release|Any CPU.Build.0 = Release|Any CPU
		{7EF1BF7C-7074-48B9-8405-03B1252C8D76}.Debug|Any CPU.ActiveCfg = Debug|Any CPU
		{7EF1BF7C-7074-48B9-8405-03B1252C8D76}.Debug|Any CPU.Build.0 = Debug|Any CPU
		{7EF1BF7C-7074-48B9-8405-03B1252C8D76}.Release|Any CPU.ActiveCfg = Release|Any CPU
		{7EF1BF7C-7074-48B9-8405-03B1252C8D76}.Release|Any CPU.Build.0 = Release|Any CPU
	EndGlobalSection
	GlobalSection(SolutionProperties) = preSolution
		HideSolutionNode = FALSE
	EndGlobalSection
	GlobalSection(ExtensibilityGlobals) = postSolution
		SolutionGuid = {4E74EEBF-9D8E-4DE6-BD0F-B6C1D629285E}
	EndGlobalSection
EndGlobal
